
Microsoft Visual Studio Solution File, Format Version 12.00
# Visual Studio Version 16
VisualStudioVersion = 16.0.29521.150
MinimumVisualStudioVersion = 10.0.40219.1
Project("{9A19103F-16F7-4668-BE54-9A1E7A4F7556}") = "qt", "src\qt.csproj", "{40A751AF-6207-487A-9425-93DF42D7A1DF}"
EndProject
Project("{FAE04EC0-301F-11D3-BF4B-00C04F79EFBC}") = "tests", "tests\tests.csproj", "{724C9580-4226-486C-9E7F-C327D03CDA48}"
EndProject
Global
	GlobalSection(SolutionConfigurationPlatforms) = preSolution
		Debug|Any CPU = Debug|Any CPU
		Debug|x64 = Debug|x64
		Release|Any CPU = Release|Any CPU
		Release|x64 = Release|x64
	EndGlobalSection
	GlobalSection(ProjectConfigurationPlatforms) = postSolution
		{40A751AF-6207-487A-9425-93DF42D7A1DF}.Debug|Any CPU.ActiveCfg = Debug|Any CPU
		{40A751AF-6207-487A-9425-93DF42D7A1DF}.Debug|Any CPU.Build.0 = Debug|Any CPU
		{40A751AF-6207-487A-9425-93DF42D7A1DF}.Debug|x64.ActiveCfg = Debug|x64
		{40A751AF-6207-487A-9425-93DF42D7A1DF}.Debug|x64.Build.0 = Debug|x64
		{40A751AF-6207-487A-9425-93DF42D7A1DF}.Release|Any CPU.ActiveCfg = Release|Any CPU
		{40A751AF-6207-487A-9425-93DF42D7A1DF}.Release|Any CPU.Build.0 = Release|Any CPU
		{40A751AF-6207-487A-9425-93DF42D7A1DF}.Release|x64.ActiveCfg = Release|x64
		{40A751AF-6207-487A-9425-93DF42D7A1DF}.Release|x64.Build.0 = Release|x64
		{724C9580-4226-486C-9E7F-C327D03CDA48}.Debug|Any CPU.ActiveCfg = Debug|Any CPU
		{724C9580-4226-486C-9E7F-C327D03CDA48}.Debug|Any CPU.Build.0 = Debug|Any CPU
		{724C9580-4226-486C-9E7F-C327D03CDA48}.Debug|x64.ActiveCfg = Debug|Any CPU
		{724C9580-4226-486C-9E7F-C327D03CDA48}.Debug|x64.Build.0 = Debug|Any CPU
		{724C9580-4226-486C-9E7F-C327D03CDA48}.Release|Any CPU.ActiveCfg = Release|Any CPU
		{724C9580-4226-486C-9E7F-C327D03CDA48}.Release|Any CPU.Build.0 = Release|Any CPU
		{724C9580-4226-486C-9E7F-C327D03CDA48}.Release|x64.ActiveCfg = Release|Any CPU
		{724C9580-4226-486C-9E7F-C327D03CDA48}.Release|x64.Build.0 = Release|Any CPU
	EndGlobalSection
	GlobalSection(SolutionProperties) = preSolution
		HideSolutionNode = FALSE
	EndGlobalSection
	GlobalSection(ExtensibilityGlobals) = postSolution
		SolutionGuid = {E0D487CD-30D9-4162-B62E-BDA60FA8F675}
	EndGlobalSection
EndGlobal
